
Microsoft Visual Studio Solution File, Format Version 12.00
# Visual Studio Version 17
VisualStudioVersion = 17.11.34929.205
MinimumVisualStudioVersion = 10.0.40219.1
Project("{FAE04EC0-301F-11D3-BF4B-00C04F79EFBC}") = "lab2mdk", "lab2mdk\lab2mdk.csproj", "{662D74D8-1195-489D-9E07-26C75E15AA9C}"
EndProject
Global
	GlobalSection(SolutionConfigurationPlatforms) = preSolution
		Debug|Any CPU = Debug|Any CPU
		Release|Any CPU = Release|Any CPU
	EndGlobalSection
	GlobalSection(ProjectConfigurationPlatforms) = postSolution
		{662D74D8-1195-489D-9E07-26C75E15AA9C}.Debug|Any CPU.ActiveCfg = Debug|Any CPU
		{662D74D8-1195-489D-9E07-26C75E15AA9C}.Debug|Any CPU.Build.0 = Debug|Any CPU
		{662D74D8-1195-489D-9E07-26C75E15AA9C}.Release|Any CPU.ActiveCfg = Release|Any CPU
		{662D74D8-1195-489D-9E07-26C75E15AA9C}.Release|Any CPU.Build.0 = Release|Any CPU
	EndGlobalSection
	GlobalSection(SolutionProperties) = preSolution
		HideSolutionNode = FALSE
	EndGlobalSection
	GlobalSection(ExtensibilityGlobals) = postSolution
		SolutionGuid = {E67C9B41-0AAF-42BB-8B23-C1EEC4319890}
	EndGlobalSection
EndGlobal
